
Microsoft Visual Studio Solution File, Format Version 12.00
# Visual Studio Version 17
VisualStudioVersion = 17.2.32408.312
MinimumVisualStudioVersion = 10.0.40219.1
Project("{9A19103F-16F7-4668-BE54-9A1E7A4F7556}") = "ShopService", "ShopService\ShopService.csproj", "{17A83F68-259D-45A6-A9E0-B9E4FBA0C158}"
EndProject
Project("{9A19103F-16F7-4668-BE54-9A1E7A4F7556}") = "AuthdService", "AuthdService\AuthdService.csproj", "{60AAA896-DCDB-4B90-8B97-7920C116C59E}"
EndProject
Project("{9A19103F-16F7-4668-BE54-9A1E7A4F7556}") = "Models", "Models\Models.csproj", "{F82358F1-50FC-465F-A579-04CD689059B7}"
EndProject
Project("{9A19103F-16F7-4668-BE54-9A1E7A4F7556}") = "Data", "Data\Data.csproj", "{CD61BFC5-A851-475F-9FB3-C49BD9EDA91B}"
EndProject
Project("{9A19103F-16F7-4668-BE54-9A1E7A4F7556}") = "Models.Tests", "Models.Tests\Models.Tests.csproj", "{A5195588-76EE-42CB-AC22-04936CFE0223}"
EndProject
Global
	GlobalSection(SolutionConfigurationPlatforms) = preSolution
		Debug|Any CPU = Debug|Any CPU
		Release|Any CPU = Release|Any CPU
	EndGlobalSection
	GlobalSection(ProjectConfigurationPlatforms) = postSolution
		{17A83F68-259D-45A6-A9E0-B9E4FBA0C158}.Debug|Any CPU.ActiveCfg = Debug|Any CPU
		{17A83F68-259D-45A6-A9E0-B9E4FBA0C158}.Debug|Any CPU.Build.0 = Debug|Any CPU
		{17A83F68-259D-45A6-A9E0-B9E4FBA0C158}.Release|Any CPU.ActiveCfg = Release|Any CPU
		{17A83F68-259D-45A6-A9E0-B9E4FBA0C158}.Release|Any CPU.Build.0 = Release|Any CPU
		{60AAA896-DCDB-4B90-8B97-7920C116C59E}.Debug|Any CPU.ActiveCfg = Debug|Any CPU
		{60AAA896-DCDB-4B90-8B97-7920C116C59E}.Debug|Any CPU.Build.0 = Debug|Any CPU
		{60AAA896-DCDB-4B90-8B97-7920C116C59E}.Release|Any CPU.ActiveCfg = Release|Any CPU
		{60AAA896-DCDB-4B90-8B97-7920C116C59E}.Release|Any CPU.Build.0 = Release|Any CPU
		{F82358F1-50FC-465F-A579-04CD689059B7}.Debug|Any CPU.ActiveCfg = Debug|Any CPU
		{F82358F1-50FC-465F-A579-04CD689059B7}.Debug|Any CPU.Build.0 = Debug|Any CPU
		{F82358F1-50FC-465F-A579-04CD689059B7}.Release|Any CPU.ActiveCfg = Release|Any CPU
		{F82358F1-50FC-465F-A579-04CD689059B7}.Release|Any CPU.Build.0 = Release|Any CPU
		{CD61BFC5-A851-475F-9FB3-C49BD9EDA91B}.Debug|Any CPU.ActiveCfg = Debug|Any CPU
		{CD61BFC5-A851-475F-9FB3-C49BD9EDA91B}.Debug|Any CPU.Build.0 = Debug|Any CPU
		{CD61BFC5-A851-475F-9FB3-C49BD9EDA91B}.Release|Any CPU.ActiveCfg = Release|Any CPU
		{CD61BFC5-A851-475F-9FB3-C49BD9EDA91B}.Release|Any CPU.Build.0 = Release|Any CPU
		{A5195588-76EE-42CB-AC22-04936CFE0223}.Debug|Any CPU.ActiveCfg = Debug|Any CPU
		{A5195588-76EE-42CB-AC22-04936CFE0223}.Debug|Any CPU.Build.0 = Debug|Any CPU
		{A5195588-76EE-42CB-AC22-04936CFE0223}.Release|Any CPU.ActiveCfg = Release|Any CPU
		{A5195588-76EE-42CB-AC22-04936CFE0223}.Release|Any CPU.Build.0 = Release|Any CPU
	EndGlobalSection
	GlobalSection(SolutionProperties) = preSolution
		HideSolutionNode = FALSE
	EndGlobalSection
	GlobalSection(ExtensibilityGlobals) = postSolution
		SolutionGuid = {2EF257E6-8451-42B6-B3C7-B6596821DCA6}
	EndGlobalSection
EndGlobal
